{
  "name": "chatbotframeworkbyzhiva8",
  "version": "1.0.0",
  "lockfileVersion": 3,
  "requires": true,
  "packages": {
    "": {
      "name": "chatbotframeworkbyzhiva8",
      "version": "1.0.0",
      "license": "MIT",
      "dependencies": {
        "dataprocessingbyzhiva08": "^1.0.0"
      }
    },
    "node_modules/dataprocessingbyzhiva08": {
      "version": "1.0.0",
      "resolved": "https://registry.npmjs.org/dataprocessingbyzhiva08/-/dataprocessingbyzhiva08-1.0.0.tgz",
      "integrity": "sha512-S7CrhXhQlKkCQv3GmX67GsJzFRTu9TJIAnCQux9/g2KuxZdR8hmL+EASqF9LA+PavbqMBLutCxe5YhUY2ZGADQ=="
    }
  }
}
